
Microsoft Visual Studio Solution File, Format Version 12.00
# Visual Studio Version 17
VisualStudioVersion = 17.8.34511.84
MinimumVisualStudioVersion = 10.0.40219.1
Project("{FAE04EC0-301F-11D3-BF4B-00C04F79EFBC}") = "Week5LogicalOperators", "Week5LogicalOperators\Week5LogicalOperators.csproj", "{2B0FEDC1-B003-4068-9CC5-8BB19491F53A}"
EndProject
Project("{FAE04EC0-301F-11D3-BF4B-00C04F79EFBC}") = "ANDOperator", "ANDOperator\ANDOperator.csproj", "{CF711473-D221-4FD4-988E-B6ACCDD85607}"
EndProject
Project("{FAE04EC0-301F-11D3-BF4B-00C04F79EFBC}") = "OROperator", "OROperator\OROperator.csproj", "{B6FDBC2F-8EC3-45AD-8D87-C40D39658A39}"
EndProject
Project("{FAE04EC0-301F-11D3-BF4B-00C04F79EFBC}") = "ANDRanges", "ANDRanges\ANDRanges.csproj", "{E8B48F20-20B8-4D0B-A688-0BFED463F616}"
EndProject
Project("{FAE04EC0-301F-11D3-BF4B-00C04F79EFBC}") = "Test", "Test\Test.csproj", "{CF10DDA4-55A1-494A-BED8-C379B5ACD0A4}"
EndProject
Global
	GlobalSection(SolutionConfigurationPlatforms) = preSolution
		Debug|Any CPU = Debug|Any CPU
		Release|Any CPU = Release|Any CPU
	EndGlobalSection
	GlobalSection(ProjectConfigurationPlatforms) = postSolution
		{2B0FEDC1-B003-4068-9CC5-8BB19491F53A}.Debug|Any CPU.ActiveCfg = Debug|Any CPU
		{2B0FEDC1-B003-4068-9CC5-8BB19491F53A}.Debug|Any CPU.Build.0 = Debug|Any CPU
		{2B0FEDC1-B003-4068-9CC5-8BB19491F53A}.Release|Any CPU.ActiveCfg = Release|Any CPU
		{2B0FEDC1-B003-4068-9CC5-8BB19491F53A}.Release|Any CPU.Build.0 = Release|Any CPU
		{CF711473-D221-4FD4-988E-B6ACCDD85607}.Debug|Any CPU.ActiveCfg = Debug|Any CPU
		{CF711473-D221-4FD4-988E-B6ACCDD85607}.Debug|Any CPU.Build.0 = Debug|Any CPU
		{CF711473-D221-4FD4-988E-B6ACCDD85607}.Release|Any CPU.ActiveCfg = Release|Any CPU
		{CF711473-D221-4FD4-988E-B6ACCDD85607}.Release|Any CPU.Build.0 = Release|Any CPU
		{B6FDBC2F-8EC3-45AD-8D87-C40D39658A39}.Debug|Any CPU.ActiveCfg = Debug|Any CPU
		{B6FDBC2F-8EC3-45AD-8D87-C40D39658A39}.Debug|Any CPU.Build.0 = Debug|Any CPU
		{B6FDBC2F-8EC3-45AD-8D87-C40D39658A39}.Release|Any CPU.ActiveCfg = Release|Any CPU
		{B6FDBC2F-8EC3-45AD-8D87-C40D39658A39}.Release|Any CPU.Build.0 = Release|Any CPU
		{E8B48F20-20B8-4D0B-A688-0BFED463F616}.Debug|Any CPU.ActiveCfg = Debug|Any CPU
		{E8B48F20-20B8-4D0B-A688-0BFED463F616}.Debug|Any CPU.Build.0 = Debug|Any CPU
		{E8B48F20-20B8-4D0B-A688-0BFED463F616}.Release|Any CPU.ActiveCfg = Release|Any CPU
		{E8B48F20-20B8-4D0B-A688-0BFED463F616}.Release|Any CPU.Build.0 = Release|Any CPU
		{CF10DDA4-55A1-494A-BED8-C379B5ACD0A4}.Debug|Any CPU.ActiveCfg = Debug|Any CPU
		{CF10DDA4-55A1-494A-BED8-C379B5ACD0A4}.Debug|Any CPU.Build.0 = Debug|Any CPU
		{CF10DDA4-55A1-494A-BED8-C379B5ACD0A4}.Release|Any CPU.ActiveCfg = Release|Any CPU
		{CF10DDA4-55A1-494A-BED8-C379B5ACD0A4}.Release|Any CPU.Build.0 = Release|Any CPU
	EndGlobalSection
	GlobalSection(SolutionProperties) = preSolution
		HideSolutionNode = FALSE
	EndGlobalSection
	GlobalSection(ExtensibilityGlobals) = postSolution
		SolutionGuid = {DFBD3B24-F462-44FE-89AE-CEB9D1899219}
	EndGlobalSection
EndGlobal
